
Microsoft Visual Studio Solution File, Format Version 12.00
# Visual Studio Version 17
VisualStudioVersion = 17.6.33801.468
MinimumVisualStudioVersion = 10.0.40219.1
Project("{9A19103F-16F7-4668-BE54-9A1E7A4F7556}") = "Thrilophilia", "Thrilophilia.csproj", "{BEA18F57-B8A1-4DF1-8997-A58B19C20DC5}"
EndProject
Global
	GlobalSection(SolutionConfigurationPlatforms) = preSolution
		Debug|Any CPU = Debug|Any CPU
		Release|Any CPU = Release|Any CPU
	EndGlobalSection
	GlobalSection(ProjectConfigurationPlatforms) = postSolution
		{BEA18F57-B8A1-4DF1-8997-A58B19C20DC5}.Debug|Any CPU.ActiveCfg = Debug|Any CPU
		{BEA18F57-B8A1-4DF1-8997-A58B19C20DC5}.Debug|Any CPU.Build.0 = Debug|Any CPU
		{BEA18F57-B8A1-4DF1-8997-A58B19C20DC5}.Release|Any CPU.ActiveCfg = Release|Any CPU
		{BEA18F57-B8A1-4DF1-8997-A58B19C20DC5}.Release|Any CPU.Build.0 = Release|Any CPU
	EndGlobalSection
	GlobalSection(SolutionProperties) = preSolution
		HideSolutionNode = FALSE
	EndGlobalSection
	GlobalSection(ExtensibilityGlobals) = postSolution
		SolutionGuid = {86C237A8-CD2B-4DF6-8809-C7ED39FB2FA6}
	EndGlobalSection
EndGlobal
